
Microsoft Visual Studio Solution File, Format Version 12.00
# Visual Studio Version 16
VisualStudioVersion = 16.0.29409.12
MinimumVisualStudioVersion = 10.0.40219.1
Project("{00D1A9C2-B5F0-4AF3-8072-F6C62B433612}") = "db-testproject", "db-testproject\db-testproject.sqlproj", "{8206788C-493F-4F43-94CE-0FF5FFAF568C}"
EndProject
Global
	GlobalSection(SolutionConfigurationPlatforms) = preSolution
		Debug|Any CPU = Debug|Any CPU
		Release|Any CPU = Release|Any CPU
	EndGlobalSection
	GlobalSection(ProjectConfigurationPlatforms) = postSolution
		{8206788C-493F-4F43-94CE-0FF5FFAF568C}.Debug|Any CPU.ActiveCfg = Debug|Any CPU
		{8206788C-493F-4F43-94CE-0FF5FFAF568C}.Debug|Any CPU.Build.0 = Debug|Any CPU
		{8206788C-493F-4F43-94CE-0FF5FFAF568C}.Debug|Any CPU.Deploy.0 = Debug|Any CPU
		{8206788C-493F-4F43-94CE-0FF5FFAF568C}.Release|Any CPU.ActiveCfg = Release|Any CPU
		{8206788C-493F-4F43-94CE-0FF5FFAF568C}.Release|Any CPU.Build.0 = Release|Any CPU
		{8206788C-493F-4F43-94CE-0FF5FFAF568C}.Release|Any CPU.Deploy.0 = Release|Any CPU
	EndGlobalSection
	GlobalSection(SolutionProperties) = preSolution
		HideSolutionNode = FALSE
	EndGlobalSection
	GlobalSection(ExtensibilityGlobals) = postSolution
		SolutionGuid = {9C7DF10E-E1F6-41FC-A325-1B6B25B57C78}
	EndGlobalSection
EndGlobal
